// !$*UTF8*$!
{
	archiveVersion = 1;
	classes = {
	};
	objectVersion = 50;
	objects = {

/* Begin PBXBuildFile section */
		6723E5632205AF1100765E20 /* AppDelegate.swift in Sources */ = {isa = PBXBuildFile; fileRef = 6723E5622205AF1100765E20 /* AppDelegate.swift */; };
		6723E5652205AF1100765E20 /* ViewController.swift in Sources */ = {isa = PBXBuildFile; fileRef = 6723E5642205AF1100765E20 /* ViewController.swift */; };
		6723E5682205AF1100765E20 /* Main.storyboard in Resources */ = {isa = PBXBuildFile; fileRef = 6723E5662205AF1100765E20 /* Main.storyboard */; };
		6723E56A2205AF1600765E20 /* Assets.xcassets in Resources */ = {isa = PBXBuildFile; fileRef = 6723E5692205AF1600765E20 /* Assets.xcassets */; };
		6723E56D2205AF1600765E20 /* LaunchScreen.storyboard in Resources */ = {isa = PBXBuildFile; fileRef = 6723E56B2205AF1600765E20 /* LaunchScreen.storyboard */; };
		6723E5772205B2B900765E20 /* sparki.jpg in Resources */ = {isa = PBXBuildFile; fileRef = 6723E5762205B2B900765E20 /* sparki.jpg */; };
		6723E5792205B74E00765E20 /* dji.jpg in Resources */ = {isa = PBXBuildFile; fileRef = 6723E5782205B74E00765E20 /* dji.jpg */; };
		6723E57F2205CB1C00765E20 /* CameraViewController.swift in Sources */ = {isa = PBXBuildFile; fileRef = 6723E57E2205CB1C00765E20 /* CameraViewController.swift */; };
		6723F5BB2207631200484F5E /* dji8.jpg in Resources */ = {isa = PBXBuildFile; fileRef = 6723F5BA2207631200484F5E /* dji8.jpg */; };
		6723F5C122076B7500484F5E /* SparkClassifier.mlmodel in Sources */ = {isa = PBXBuildFile; fileRef = 6723F5C022076B7500484F5E /* SparkClassifier.mlmodel */; };
		6723F5C32207F8DC00484F5E /* dji9.jpg in Resources */ = {isa = PBXBuildFile; fileRef = 6723F5C22207F8DC00484F5E /* dji9.jpg */; };
		678859DF22060A2600AFC239 /* dj2.jpg in Resources */ = {isa = PBXBuildFile; fileRef = 678859DE22060A2600AFC239 /* dj2.jpg */; };
		678859E122060A5B00AFC239 /* dj3.jpg in Resources */ = {isa = PBXBuildFile; fileRef = 678859E022060A5B00AFC239 /* dj3.jpg */; };
		678859E32206BCE200AFC239 /* dji4.jpg in Resources */ = {isa = PBXBuildFile; fileRef = 678859E22206BCE100AFC239 /* dji4.jpg */; };
		EDFA8A21221BE9AC0045F899 /* SparkClassifier4.mlmodel in Sources */ = {isa = PBXBuildFile; fileRef = EDFA8A20221BE9AC0045F899 /* SparkClassifier4.mlmodel */; };
		EDFA8A23221BEE900045F899 /* ji10.jpg in Resources */ = {isa = PBXBuildFile; fileRef = EDFA8A22221BEE900045F899 /* ji10.jpg */; };
/* End PBXBuildFile section */

/* Begin PBXFileReference section */
		6723E55F2205AF1100765E20 /* Droooni.app */ = {isa = PBXFileReference; explicitFileType = wrapper.application; includeInIndex = 0; path = Droooni.app; sourceTree = BUILT_PRODUCTS_DIR; };
		6723E5622205AF1100765E20 /* AppDelegate.swift */ = {isa = PBXFileReference; lastKnownFileType = sourcecode.swift; path = AppDelegate.swift; sourceTree = "<group>"; };
		6723E5642205AF1100765E20 /* ViewController.swift */ = {isa = PBXFileReference; lastKnownFileType = sourcecode.swift; path = ViewController.swift; sourceTree = "<group>"; };
		6723E5672205AF1100765E20 /* Base */ = {isa = PBXFileReference; lastKnownFileType = file.storyboard; name = Base; path = Base.lproj/Main.storyboard; sourceTree = "<group>"; };
		6723E5692205AF1600765E20 /* Assets.xcassets */ = {isa = PBXFileReference; lastKnownFileType = folder.assetcatalog; path = Assets.xcassets; sourceTree = "<group>"; };
		6723E56C2205AF1600765E20 /* Base */ = {isa = PBXFileReference; lastKnownFileType = file.storyboard; name = Base; path = Base.lproj/LaunchScreen.storyboard; sourceTree = "<group>"; };
		6723E56E2205AF1600765E20 /* Info.plist */ = {isa = PBXFileReference; lastKnownFileType = text.plist.xml; path = Info.plist; sourceTree = "<group>"; };
		6723E5762205B2B900765E20 /* sparki.jpg */ = {isa = PBXFileReference; lastKnownFileType = image.jpeg; path = sparki.jpg; sourceTree = "<group>"; };
		6723E5782205B74E00765E20 /* dji.jpg */ = {isa = PBXFileReference; lastKnownFileType = image.jpeg; path = dji.jpg; sourceTree = "<group>"; };
		6723E57E2205CB1C00765E20 /* CameraViewController.swift */ = {isa = PBXFileReference; lastKnownFileType = sourcecode.swift; path = CameraViewController.swift; sourceTree = "<group>"; };
		6723F5BA2207631200484F5E /* dji8.jpg */ = {isa = PBXFileReference; lastKnownFileType = image.jpeg; path = dji8.jpg; sourceTree = "<group>"; };
		6723F5C022076B7500484F5E /* SparkClassifier.mlmodel */ = {isa = PBXFileReference; lastKnownFileType = file.mlmodel; path = SparkClassifier.mlmodel; sourceTree = "<group>"; };
		6723F5C22207F8DC00484F5E /* dji9.jpg */ = {isa = PBXFileReference; lastKnownFileType = image.jpeg; path = dji9.jpg; sourceTree = "<group>"; };
		678859DE22060A2600AFC239 /* dj2.jpg */ = {isa = PBXFileReference; lastKnownFileType = image.jpeg; path = dj2.jpg; sourceTree = "<group>"; };
		678859E022060A5B00AFC239 /* dj3.jpg */ = {isa = PBXFileReference; lastKnownFileType = image.jpeg; path = dj3.jpg; sourceTree = "<group>"; };
		678859E22206BCE100AFC239 /* dji4.jpg */ = {isa = PBXFileReference; lastKnownFileType = image.jpeg; path = dji4.jpg; sourceTree = "<group>"; };
		EDFA8A20221BE9AC0045F899 /* SparkClassifier4.mlmodel */ = {isa = PBXFileReference; lastKnownFileType = file.mlmodel; path = SparkClassifier4.mlmodel; sourceTree = "<group>"; };
		EDFA8A22221BEE900045F899 /* ji10.jpg */ = {isa = PBXFileReference; lastKnownFileType = image.jpeg; path = ji10.jpg; sourceTree = "<group>"; };
/* End PBXFileReference section */

/* Begin PBXFrameworksBuildPhase section */
		6723E55C2205AF1100765E20 /* Frameworks */ = {
			isa = PBXFrameworksBuildPhase;
			buildActionMask = 2147483647;
			files = (
			);
			runOnlyForDeploymentPostprocessing = 0;
		};
/* End PBXFrameworksBuildPhase section */

/* Begin PBXGroup section */
		6723E5562205AF1100765E20 = {
			isa = PBXGroup;
			children = (
				6723E5612205AF1100765E20 /* Droooni */,
				6723E5602205AF1100765E20 /* Products */,
			);
			sourceTree = "<group>";
		};
		6723E5602205AF1100765E20 /* Products */ = {
			isa = PBXGroup;
			children = (
				6723E55F2205AF1100765E20 /* Droooni.app */,
			);
			name = Products;
			sourceTree = "<group>";
		};
		6723E5612205AF1100765E20 /* Droooni */ = {
			isa = PBXGroup;
			children = (
				6723E5622205AF1100765E20 /* AppDelegate.swift */,
				678859DE22060A2600AFC239 /* dj2.jpg */,
				678859E22206BCE100AFC239 /* dji4.jpg */,
				EDFA8A22221BEE900045F899 /* ji10.jpg */,
				6723F5C22207F8DC00484F5E /* dji9.jpg */,
				6723F5BA2207631200484F5E /* dji8.jpg */,
				EDFA8A20221BE9AC0045F899 /* SparkClassifier4.mlmodel */,
				6723F5C022076B7500484F5E /* SparkClassifier.mlmodel */,
				6723E5762205B2B900765E20 /* sparki.jpg */,
				678859E022060A5B00AFC239 /* dj3.jpg */,
				6723E5642205AF1100765E20 /* ViewController.swift */,
				6723E5782205B74E00765E20 /* dji.jpg */,
				6723E5662205AF1100765E20 /* Main.storyboard */,
				6723E5692205AF1600765E20 /* Assets.xcassets */,
				6723E56B2205AF1600765E20 /* LaunchScreen.storyboard */,
				6723E56E2205AF1600765E20 /* Info.plist */,
				6723E57E2205CB1C00765E20 /* CameraViewController.swift */,
			);
			path = Droooni;
			sourceTree = "<group>";
		};
/* End PBXGroup section */

/* Begin PBXNativeTarget section */
		6723E55E2205AF1100765E20 /* Droooni */ = {
			isa = PBXNativeTarget;
			buildConfigurationList = 6723E5712205AF1600765E20 /* Build configuration list for PBXNativeTarget "Droooni" */;
			buildPhases = (
				6723E55B2205AF1100765E20 /* Sources */,
				6723E55C2205AF1100765E20 /* Frameworks */,
				6723E55D2205AF1100765E20 /* Resources */,
			);
			buildRules = (
			);
			dependencies = (
			);
			name = Droooni;
			productName = Droooni;
			productReference = 6723E55F2205AF1100765E20 /* Droooni.app */;
			productType = "com.apple.product-type.application";
		};
/* End PBXNativeTarget section */

/* Begin PBXProject section */
		6723E5572205AF1100765E20 /* Project object */ = {
			isa = PBXProject;
			attributes = {
				LastSwiftUpdateCheck = 1010;
				LastUpgradeCheck = 1010;
				ORGANIZATIONNAME = "Gweltaz calori";
				TargetAttributes = {
					6723E55E2205AF1100765E20 = {
						CreatedOnToolsVersion = 10.1;
					};
				};
			};
			buildConfigurationList = 6723E55A2205AF1100765E20 /* Build configuration list for PBXProject "Droooni" */;
			compatibilityVersion = "Xcode 9.3";
			developmentRegion = en;
			hasScannedForEncodings = 0;
			knownRegions = (
				en,
				Base,
			);
			mainGroup = 6723E5562205AF1100765E20;
			productRefGroup = 6723E5602205AF1100765E20 /* Products */;
			projectDirPath = "";
			projectRoot = "";
			targets = (
				6723E55E2205AF1100765E20 /* Droooni */,
			);
		};
/* End PBXProject section */

/* Begin PBXResourcesBuildPhase section */
		6723E55D2205AF1100765E20 /* Resources */ = {
			isa = PBXResourcesBuildPhase;
			buildActionMask = 2147483647;
			files = (
				678859E122060A5B00AFC239 /* dj3.jpg in Resources */,
				EDFA8A23221BEE900045F899 /* ji10.jpg in Resources */,
				6723F5C32207F8DC00484F5E /* dji9.jpg in Resources */,
				678859DF22060A2600AFC239 /* dj2.jpg in Resources */,
				678859E32206BCE200AFC239 /* dji4.jpg in Resources */,
				6723E56D2205AF1600765E20 /* LaunchScreen.storyboard in Resources */,
				6723F5BB2207631200484F5E /* dji8.jpg in Resources */,
				6723E56A2205AF1600765E20 /* Assets.xcassets in Resources */,
				6723E5682205AF1100765E20 /* Main.storyboard in Resources */,
				6723E5772205B2B900765E20 /* sparki.jpg in Resources */,
				6723E5792205B74E00765E20 /* dji.jpg in Resources */,
			);
			runOnlyForDeploymentPostprocessing = 0;
		};
/* End PBXResourcesBuildPhase section */

/* Begin PBXSourcesBuildPhase section */
		6723E55B2205AF1100765E20 /* Sources */ = {
			isa = PBXSourcesBuildPhase;
			buildActionMask = 2147483647;
			files = (
				6723E5652205AF1100765E20 /* ViewController.swift in Sources */,
				6723F5C122076B7500484F5E /* SparkClassifier.mlmodel in Sources */,
				6723E57F2205CB1C00765E20 /* CameraViewController.swift in Sources */,
				6723E5632205AF1100765E20 /* AppDelegate.swift in Sources */,
				EDFA8A21221BE9AC0045F899 /* SparkClassifier4.mlmodel in Sources */,
			);
			runOnlyForDeploymentPostprocessing = 0;
		};
/* End PBXSourcesBuildPhase section */

/* Begin PBXVariantGroup section */
		6723E5662205AF1100765E20 /* Main.storyboard */ = {
			isa = PBXVariantGroup;
			children = (
				6723E5672205AF1100765E20 /* Base */,
			);
			name = Main.storyboard;
			sourceTree = "<group>";
		};
		6723E56B2205AF1600765E20 /* LaunchScreen.storyboard */ = {
			isa = PBXVariantGroup;
			children = (
				6723E56C2205AF1600765E20 /* Base */,
			);
			name = LaunchScreen.storyboard;
			sourceTree = "<group>";
		};
/* End PBXVariantGroup section */

/* Begin XCBuildConfiguration section */
		6723E56F2205AF1600765E20 /* Debug */ = {
			isa = XCBuildConfiguration;
			buildSettings = {
				ALWAYS_SEARCH_USER_PATHS = NO;
				CLANG_ANALYZER_NONNULL = YES;
				CLANG_ANALYZER_NUMBER_OBJECT_CONVERSION = YES_AGGRESSIVE;
				CLANG_CXX_LANGUAGE_STANDARD = "gnu++14";
				CLANG_CXX_LIBRARY = "libc++";
				CLANG_ENABLE_MODULES = YES;
				CLANG_ENABLE_OBJC_ARC = YES;
				CLANG_ENABLE_OBJC_WEAK = YES;
				CLANG_WARN_BLOCK_CAPTURE_AUTORELEASING = YES;
				CLANG_WARN_BOOL_CONVERSION = YES;
				CLANG_WARN_COMMA = YES;
				CLANG_WARN_CONSTANT_CONVERSION = YES;
				CLANG_WARN_DEPRECATED_OBJC_IMPLEMENTATIONS = YES;
				CLANG_WARN_DIRECT_OBJC_ISA_USAGE = YES_ERROR;
				CLANG_WARN_DOCUMENTATION_COMMENTS = YES;
				CLANG_WARN_EMPTY_BODY = YES;
				CLANG_WARN_ENUM_CONVERSION = YES;
				CLANG_WARN_INFINITE_RECURSION = YES;
				CLANG_WARN_INT_CONVERSION = YES;
				CLANG_WARN_NON_LITERAL_NULL_CONVERSION = YES;
				CLANG_WARN_OBJC_IMPLICIT_RETAIN_SELF = YES;
				CLANG_WARN_OBJC_LITERAL_CONVERSION = YES;
				CLANG_WARN_OBJC_ROOT_CLASS = YES_ERROR;
				CLANG_WARN_RANGE_LOOP_ANALYSIS = YES;
				CLANG_WARN_STRICT_PROTOTYPES = YES;
				CLANG_WARN_SUSPICIOUS_MOVE = YES;
				CLANG_WARN_UNGUARDED_AVAILABILITY = YES_AGGRESSIVE;
				CLANG_WARN_UNREACHABLE_CODE = YES;
				CLANG_WARN__DUPLICATE_METHOD_MATCH = YES;
				CODE_SIGN_IDENTITY = "iPhone Developer";
				COPY_PHASE_STRIP = NO;
				DEBUG_INFORMATION_FORMAT = dwarf;
				ENABLE_STRICT_OBJC_MSGSEND = YES;
				ENABLE_TESTABILITY = YES;
				GCC_C_LANGUAGE_STANDARD = gnu11;
				GCC_DYNAMIC_NO_PIC = NO;
				GCC_NO_COMMON_BLOCKS = YES;
				GCC_OPTIMIZATION_LEVEL = 0;
				GCC_PREPROCESSOR_DEFINITIONS = (
					"DEBUG=1",
					"$(inherited)",
				);
				GCC_WARN_64_TO_32_BIT_CONVERSION = YES;
				GCC_WARN_ABOUT_RETURN_TYPE = YES_ERROR;
				GCC_WARN_UNDECLARED_SELECTOR = YES;
				GCC_WARN_UNINITIALIZED_AUTOS = YES_AGGRESSIVE;
				GCC_WARN_UNUSED_FUNCTION = YES;
				GCC_WARN_UNUSED_VARIABLE = YES;
				IPHONEOS_DEPLOYMENT_TARGET = 12.1;
				MTL_ENABLE_DEBUG_INFO = INCLUDE_SOURCE;
				MTL_FAST_MATH = YES;
				ONLY_ACTIVE_ARCH = YES;
				SDKROOT = iphoneos;
				SWIFT_ACTIVE_COMPILATION_CONDITIONS = DEBUG;
				SWIFT_OPTIMIZATION_LEVEL = "-Onone";
			};
			name = Debug;
		};
		6723E5702205AF1600765E20 /* Release */ = {
			isa = XCBuildConfiguration;
			buildSettings = {
				ALWAYS_SEARCH_USER_PATHS = NO;
				CLANG_ANALYZER_NONNULL = YES;
				CLANG_ANALYZER_NUMBER_OBJECT_CONVERSION = YES_AGGRESSIVE;
				CLANG_CXX_LANGUAGE_STANDARD = "gnu++14";
				CLANG_CXX_LIBRARY = "libc++";
				CLANG_ENABLE_MODULES = YES;
				CLANG_ENABLE_OBJC_ARC = YES;
				CLANG_ENABLE_OBJC_WEAK = YES;
				CLANG_WARN_BLOCK_CAPTURE_AUTORELEASING = YES;
				CLANG_WARN_BOOL_CONVERSION = YES;
				CLANG_WARN_COMMA = YES;
				CLANG_WARN_CONSTANT_CONVERSION = YES;
				CLANG_WARN_DEPRECATED_OBJC_IMPLEMENTATIONS = YES;
				CLANG_WARN_DIRECT_OBJC_ISA_USAGE = YES_ERROR;
				CLANG_WARN_DOCUMENTATION_COMMENTS = YES;
				CLANG_WARN_EMPTY_BODY = YES;
				CLANG_WARN_ENUM_CONVERSION = YES;
				CLANG_WARN_INFINITE_RECURSION = YES;
				CLANG_WARN_INT_CONVERSION = YES;
				CLANG_WARN_NON_LITERAL_NULL_CONVERSION = YES;
				CLANG_WARN_OBJC_IMPLICIT_RETAIN_SELF = YES;
				CLANG_WARN_OBJC_LITERAL_CONVERSION = YES;
				CLANG_WARN_OBJC_ROOT_CLASS = YES_ERROR;
				CLANG_WARN_RANGE_LOOP_ANALYSIS = YES;
				CLANG_WARN_STRICT_PROTOTYPES = YES;
				CLANG_WARN_SUSPICIOUS_MOVE = YES;
				CLANG_WARN_UNGUARDED_AVAILABILITY = YES_AGGRESSIVE;
				CLANG_WARN_UNREACHABLE_CODE = YES;
				CLANG_WARN__DUPLICATE_METHOD_MATCH = YES;
				CODE_SIGN_IDENTITY = "iPhone Developer";
				COPY_PHASE_STRIP = NO;
				DEBUG_INFORMATION_FORMAT = "dwarf-with-dsym";
				ENABLE_NS_ASSERTIONS = NO;
				ENABLE_STRICT_OBJC_MSGSEND = YES;
				GCC_C_LANGUAGE_STANDARD = gnu11;
				GCC_NO_COMMON_BLOCKS = YES;
				GCC_WARN_64_TO_32_BIT_CONVERSION = YES;
				GCC_WARN_ABOUT_RETURN_TYPE = YES_ERROR;
				GCC_WARN_UNDECLARED_SELECTOR = YES;
				GCC_WARN_UNINITIALIZED_AUTOS = YES_AGGRESSIVE;
				GCC_WARN_UNUSED_FUNCTION = YES;
				GCC_WARN_UNUSED_VARIABLE = YES;
				IPHONEOS_DEPLOYMENT_TARGET = 12.1;
				MTL_ENABLE_DEBUG_INFO = NO;
				MTL_FAST_MATH = YES;
				SDKROOT = iphoneos;
				SWIFT_COMPILATION_MODE = wholemodule;
				SWIFT_OPTIMIZATION_LEVEL = "-O";
				VALIDATE_PRODUCT = YES;
			};
			name = Release;
		};
		6723E5722205AF1600765E20 /* Debug */ = {
			isa = XCBuildConfiguration;
			buildSettings = {
				ASSETCATALOG_COMPILER_APPICON_NAME = AppIcon;
				CODE_SIGN_STYLE = Automatic;
				DEVELOPMENT_TEAM = GDGLM83545;
				INFOPLIST_FILE = Droooni/Info.plist;
				LD_RUNPATH_SEARCH_PATHS = (
					"$(inherited)",
					"@executable_path/Frameworks",
				);
				PRODUCT_BUNDLE_IDENTIFIER = gweltaz.Droooni;
				PRODUCT_NAME = "$(TARGET_NAME)";
				SWIFT_VERSION = 4.2;
				TARGETED_DEVICE_FAMILY = "1,2";
			};
			name = Debug;
		};
		6723E5732205AF1600765E20 /* Release */ = {
			isa = XCBuildConfiguration;
			buildSettings = {
				ASSETCATALOG_COMPILER_APPICON_NAME = AppIcon;
				CODE_SIGN_STYLE = Automatic;
				DEVELOPMENT_TEAM = GDGLM83545;
				INFOPLIST_FILE = Droooni/Info.plist;
				LD_RUNPATH_SEARCH_PATHS = (
					"$(inherited)",
					"@executable_path/Frameworks",
				);
				PRODUCT_BUNDLE_IDENTIFIER = gweltaz.Droooni;
				PRODUCT_NAME = "$(TARGET_NAME)";
				SWIFT_VERSION = 4.2;
				TARGETED_DEVICE_FAMILY = "1,2";
			};
			name = Release;
		};
/* End XCBuildConfiguration section */

/* Begin XCConfigurationList section */
		6723E55A2205AF1100765E20 /* Build configuration list for PBXProject "Droooni" */ = {
			isa = XCConfigurationList;
			buildConfigurations = (
				6723E56F2205AF1600765E20 /* Debug */,
				6723E5702205AF1600765E20 /* Release */,
			);
			defaultConfigurationIsVisible = 0;
			defaultConfigurationName = Release;
		};
		6723E5712205AF1600765E20 /* Build configuration list for PBXNativeTarget "Droooni" */ = {
			isa = XCConfigurationList;
			buildConfigurations = (
				6723E5722205AF1600765E20 /* Debug */,
				6723E5732205AF1600765E20 /* Release */,
			);
			defaultConfigurationIsVisible = 0;
			defaultConfigurationName = Release;
		};
/* End XCConfigurationList section */
	};
	rootObject = 6723E5572205AF1100765E20 /* Project object */;
}
